
Microsoft Visual Studio Solution File, Format Version 12.00
# Visual Studio Version 17
VisualStudioVersion = 17.14.36518.9
MinimumVisualStudioVersion = 10.0.40219.1
Project("{FAE04EC0-301F-11D3-BF4B-00C04F79EFBC}") = "AcademySystem", "AcademySystem.csproj", "{31793CE8-1E5F-49F3-AB2D-9D251656307D}"
EndProject
Project("{FAE04EC0-301F-11D3-BF4B-00C04F79EFBC}") = "Domain", "Domain\Domain.csproj", "{6936C49C-899E-4704-BEA7-A069D0DA6C36}"
EndProject
Project("{FAE04EC0-301F-11D3-BF4B-00C04F79EFBC}") = "Repository", "Repository\Repository.csproj", "{A8DBBF2C-9029-4884-84D0-D38A88D1BC85}"
EndProject
Global
	GlobalSection(SolutionConfigurationPlatforms) = preSolution
		Debug|Any CPU = Debug|Any CPU
		Release|Any CPU = Release|Any CPU
	EndGlobalSection
	GlobalSection(ProjectConfigurationPlatforms) = postSolution
		{31793CE8-1E5F-49F3-AB2D-9D251656307D}.Debug|Any CPU.ActiveCfg = Debug|Any CPU
		{31793CE8-1E5F-49F3-AB2D-9D251656307D}.Debug|Any CPU.Build.0 = Debug|Any CPU
		{31793CE8-1E5F-49F3-AB2D-9D251656307D}.Release|Any CPU.ActiveCfg = Release|Any CPU
		{31793CE8-1E5F-49F3-AB2D-9D251656307D}.Release|Any CPU.Build.0 = Release|Any CPU
		{6936C49C-899E-4704-BEA7-A069D0DA6C36}.Debug|Any CPU.ActiveCfg = Debug|Any CPU
		{6936C49C-899E-4704-BEA7-A069D0DA6C36}.Debug|Any CPU.Build.0 = Debug|Any CPU
		{6936C49C-899E-4704-BEA7-A069D0DA6C36}.Release|Any CPU.ActiveCfg = Release|Any CPU
		{6936C49C-899E-4704-BEA7-A069D0DA6C36}.Release|Any CPU.Build.0 = Release|Any CPU
		{A8DBBF2C-9029-4884-84D0-D38A88D1BC85}.Debug|Any CPU.ActiveCfg = Debug|Any CPU
		{A8DBBF2C-9029-4884-84D0-D38A88D1BC85}.Debug|Any CPU.Build.0 = Debug|Any CPU
		{A8DBBF2C-9029-4884-84D0-D38A88D1BC85}.Release|Any CPU.ActiveCfg = Release|Any CPU
		{A8DBBF2C-9029-4884-84D0-D38A88D1BC85}.Release|Any CPU.Build.0 = Release|Any CPU
	EndGlobalSection
	GlobalSection(SolutionProperties) = preSolution
		HideSolutionNode = FALSE
	EndGlobalSection
	GlobalSection(ExtensibilityGlobals) = postSolution
		SolutionGuid = {C3C76983-EE52-447B-9F99-1219CBBE755F}
	EndGlobalSection
EndGlobal
